
Microsoft Visual Studio Solution File, Format Version 12.00
# Visual Studio Version 16
VisualStudioVersion = 16.0.29905.134
MinimumVisualStudioVersion = 10.0.40219.1
Project("{9A19103F-16F7-4668-BE54-9A1E7A4F7556}") = "CoffeeBlog.WebApi", "CoffeeBlog.WebApi\CoffeeBlog.WebApi.csproj", "{7284F51E-8540-4E1C-9F6D-0648E5445818}"
EndProject
Project("{FAE04EC0-301F-11D3-BF4B-00C04F79EFBC}") = "CoffeeBlog.WebApiTests", "CoffeeBlog.WebApiTests\CoffeeBlog.WebApiTests.csproj", "{1F845CB6-9364-42CE-AB44-F0A83101FC52}"
EndProject
Global
	GlobalSection(SolutionConfigurationPlatforms) = preSolution
		Debug|Any CPU = Debug|Any CPU
		Release|Any CPU = Release|Any CPU
	EndGlobalSection
	GlobalSection(ProjectConfigurationPlatforms) = postSolution
		{7284F51E-8540-4E1C-9F6D-0648E5445818}.Debug|Any CPU.ActiveCfg = Debug|Any CPU
		{7284F51E-8540-4E1C-9F6D-0648E5445818}.Debug|Any CPU.Build.0 = Debug|Any CPU
		{7284F51E-8540-4E1C-9F6D-0648E5445818}.Release|Any CPU.ActiveCfg = Release|Any CPU
		{7284F51E-8540-4E1C-9F6D-0648E5445818}.Release|Any CPU.Build.0 = Release|Any CPU
		{1F845CB6-9364-42CE-AB44-F0A83101FC52}.Debug|Any CPU.ActiveCfg = Debug|Any CPU
		{1F845CB6-9364-42CE-AB44-F0A83101FC52}.Debug|Any CPU.Build.0 = Debug|Any CPU
		{1F845CB6-9364-42CE-AB44-F0A83101FC52}.Release|Any CPU.ActiveCfg = Release|Any CPU
		{1F845CB6-9364-42CE-AB44-F0A83101FC52}.Release|Any CPU.Build.0 = Release|Any CPU
	EndGlobalSection
	GlobalSection(SolutionProperties) = preSolution
		HideSolutionNode = FALSE
	EndGlobalSection
	GlobalSection(ExtensibilityGlobals) = postSolution
		SolutionGuid = {49A90617-F029-49FF-9E14-92652C9255DA}
	EndGlobalSection
EndGlobal
